
Microsoft Visual Studio Solution File, Format Version 12.00
# Visual Studio Version 16
VisualStudioVersion = 16.0.30011.22
MinimumVisualStudioVersion = 10.0.40219.1
Project("{FAE04EC0-301F-11D3-BF4B-00C04F79EFBC}") = "PI_2020", "PI_2020\PI_2020.csproj", "{530D8C5F-910C-4F4C-B839-DFA06B4112D9}"
EndProject
Project("{FAE04EC0-301F-11D3-BF4B-00C04F79EFBC}") = "Database", "..\..\WebAspNetFramework\Database\Database.csproj", "{FE623B71-9433-4714-8C75-E1020FEB6B93}"
EndProject
Project("{FAE04EC0-301F-11D3-BF4B-00C04F79EFBC}") = "Regras", "..\..\WebAspNetFramework\Regras\Regras.csproj", "{DFDC9AA8-29F7-48E4-A153-ADAC63812B54}"
EndProject
Global
	GlobalSection(SolutionConfigurationPlatforms) = preSolution
		Debug|Any CPU = Debug|Any CPU
		Release|Any CPU = Release|Any CPU
	EndGlobalSection
	GlobalSection(ProjectConfigurationPlatforms) = postSolution
		{530D8C5F-910C-4F4C-B839-DFA06B4112D9}.Debug|Any CPU.ActiveCfg = Debug|Any CPU
		{530D8C5F-910C-4F4C-B839-DFA06B4112D9}.Debug|Any CPU.Build.0 = Debug|Any CPU
		{530D8C5F-910C-4F4C-B839-DFA06B4112D9}.Release|Any CPU.ActiveCfg = Release|Any CPU
		{530D8C5F-910C-4F4C-B839-DFA06B4112D9}.Release|Any CPU.Build.0 = Release|Any CPU
		{FE623B71-9433-4714-8C75-E1020FEB6B93}.Debug|Any CPU.ActiveCfg = Debug|Any CPU
		{FE623B71-9433-4714-8C75-E1020FEB6B93}.Debug|Any CPU.Build.0 = Debug|Any CPU
		{FE623B71-9433-4714-8C75-E1020FEB6B93}.Release|Any CPU.ActiveCfg = Release|Any CPU
		{FE623B71-9433-4714-8C75-E1020FEB6B93}.Release|Any CPU.Build.0 = Release|Any CPU
		{DFDC9AA8-29F7-48E4-A153-ADAC63812B54}.Debug|Any CPU.ActiveCfg = Debug|Any CPU
		{DFDC9AA8-29F7-48E4-A153-ADAC63812B54}.Debug|Any CPU.Build.0 = Debug|Any CPU
		{DFDC9AA8-29F7-48E4-A153-ADAC63812B54}.Release|Any CPU.ActiveCfg = Release|Any CPU
		{DFDC9AA8-29F7-48E4-A153-ADAC63812B54}.Release|Any CPU.Build.0 = Release|Any CPU
	EndGlobalSection
	GlobalSection(SolutionProperties) = preSolution
		HideSolutionNode = FALSE
	EndGlobalSection
	GlobalSection(ExtensibilityGlobals) = postSolution
		SolutionGuid = {335D95C3-3A97-4A87-BDF9-B959EC6EEBD6}
	EndGlobalSection
EndGlobal
